{
    "_readme": [
        "This file locks the dependencies of your project to a known state",
        "Read more about it at https://getcomposer.org/doc/01-basic-usage.md#composer-lock-the-lock-file",
        "This file is @generated automatically"
    ],
    "hash": "c70c7f7f5892601571b37c6d582befdb",
    "content-hash": "72db28f49b4d5b7ff626eaaa3205d03b",
    "packages": [
        {
            "name": "knpuniversity/gladiator",
            "version": "0.2.8",
            "source": {
                "type": "git",
                "url": "https://github.com/knpuniversity/Gladiator.git",
                "reference": "7c83190eb9b5b445b2c995f2b62f69599ca11edc"
            },
            "dist": {
                "type": "zip",
                "url": "https://api.github.com/repos/knpuniversity/Gladiator/zipball/7c83190eb9b5b445b2c995f2b62f69599ca11edc",
                "reference": "7c83190eb9b5b445b2c995f2b62f69599ca11edc",
                "shasum": ""
            },
            "type": "library",
            "autoload": {
                "psr-4": {
                    "KnpU\\Gladiator\\": "src"
                }
            },
            "notification-url": "https://packagist.org/downloads/",
            "license": [
                "MIT"
            ],
            "authors": [
                {
                    "name": "KnpUniversity",
                    "email": "hello@knpuniversity.com"
                }
            ],
            "description": "Classes to support KnpUniversity challenges",
            "time": "2015-11-16 18:48:20"
        }
    ],
    "packages-dev": [],
    "aliases": [],
    "minimum-stability": "stable",
    "stability-flags": [],
    "prefer-stable": false,
    "prefer-lowest": false,
    "platform": [],
    "platform-dev": []
}
